Microsoft Visual Studio Solution File, Format Version 12.00
# Visual Studio Version 16
VisualStudioVersion = 16.0.29123.88
MinimumVisualStudioVersion = 10.0.40219.1
Project("{9A19103F-16F7-4668-BE54-9A1E7A4F7556}") = "Scene2d", "Scene2d\Scene2d.csproj", "{83FCC948-1C98-4765-848F-91092E1CBE0C}"
EndProject
Project("{9A19103F-16F7-4668-BE54-9A1E7A4F7556}") = "Scene2d.Tests", "Scene2d.Tests\Scene2d.Tests.csproj", "{8EE70D36-00FC-4E97-A3C1-937BE331BD72}"
EndProject
Global
	GlobalSection(SolutionConfigurationPlatforms) = preSolution
		Debug|Any CPU = Debug|Any CPU
		Release|Any CPU = Release|Any CPU
	EndGlobalSection
	GlobalSection(ProjectConfigurationPlatforms) = postSolution
		{83FCC948-1C98-4765-848F-91092E1CBE0C}.Debug|Any CPU.ActiveCfg = Debug|Any CPU
		{83FCC948-1C98-4765-848F-91092E1CBE0C}.Debug|Any CPU.Build.0 = Debug|Any CPU
		{83FCC948-1C98-4765-848F-91092E1CBE0C}.Release|Any CPU.ActiveCfg = Release|Any CPU
		{83FCC948-1C98-4765-848F-91092E1CBE0C}.Release|Any CPU.Build.0 = Release|Any CPU
		{8EE70D36-00FC-4E97-A3C1-937BE331BD72}.Debug|Any CPU.ActiveCfg = Debug|Any CPU
		{8EE70D36-00FC-4E97-A3C1-937BE331BD72}.Debug|Any CPU.Build.0 = Debug|Any CPU
		{8EE70D36-00FC-4E97-A3C1-937BE331BD72}.Release|Any CPU.ActiveCfg = Release|Any CPU
		{8EE70D36-00FC-4E97-A3C1-937BE331BD72}.Release|Any CPU.Build.0 = Release|Any CPU
	EndGlobalSection
	GlobalSection(SolutionProperties) = preSolution
		HideSolutionNode = FALSE
	EndGlobalSection
	GlobalSection(ExtensibilityGlobals) = postSolution
		SolutionGuid = {1F18C671-BBB1-4666-8471-45FCE4B26F8A}
	EndGlobalSection
EndGlobal
